{
  "name": "npm-demo",
  "version": "1.0.0",
  "lockfileVersion": 1,
  "requires": true,
  "dependencies": {
    "@types/node": {
      "version": "16.7.10",
      "resolved": "https://npm.corp.ebay.com/@types/node/-/node-16.7.10.tgz",
      "integrity": "sha1-eqcyzEc0HBKha31WL1GcI4O21Pw="
    },
    "@types/webidl-conversions": {
      "version": "6.1.1",
      "resolved": "https://npm.corp.ebay.com/@types/webidl-conversions/-/webidl-conversions-6.1.1.tgz",
      "integrity": "sha1-4zvI6oEqAfY/kEgcZmM0hEsSoJ4="
    },
    "@types/whatwg-url": {
      "version": "8.2.1",
      "resolved": "https://npm.corp.ebay.com/@types/whatwg-url/-/whatwg-url-8.2.1.tgz",
      "integrity": "sha1-8arCItq3xZ4BFmOgywoxF7LvBdQ=",
      "requires": {
        "@types/node": "*",
        "@types/webidl-conversions": "*"
      }
    },
    "base64-js": {
      "version": "1.5.1",
      "resolved": "https://npm.corp.ebay.com/base64-js/-/base64-js-1.5.1.tgz",
      "integrity": "sha1-GxtEAWClv3rUC2UPCVljSBkDkwo="
    },
    "bson": {
      "version": "4.5.1",
      "resolved": "https://npm.corp.ebay.com/bson/-/bson-4.5.1.tgz",
      "integrity": "sha1-AunWSc4BerFO0lhzd1bBGAmWPWw=",
      "requires": {
        "buffer": "^5.6.0"
      }
    },
    "buffer": {
      "version": "5.7.1",
      "resolved": "https://npm.corp.ebay.com/buffer/-/buffer-5.7.1.tgz",
      "integrity": "sha1-umLnwTEzBTWCGXFghRqPZI6Z7tA=",
      "requires": {
        "base64-js": "^1.3.1",
        "ieee754": "^1.1.13"
      }
    },
    "debug": {
      "version": "4.3.2",
      "resolved": "https://npm.corp.ebay.com/debug/-/debug-4.3.2.tgz",
      "integrity": "sha1-8KScGKyHeeMdSgxgKd+3aHPHQos=",
      "requires": {
        "ms": "2.1.2"
      }
    },
    "denque": {
      "version": "1.5.1",
      "resolved": "https://npm.corp.ebay.com/denque/-/denque-1.5.1.tgz",
      "integrity": "sha1-B/Zw4pyaePj67LJWah4sEZKcXL8="
    },
    "ieee754": {
      "version": "1.2.1",
      "resolved": "https://npm.corp.ebay.com/ieee754/-/ieee754-1.2.1.tgz",
      "integrity": "sha1-jrehCmP/8l0VpXsAFYbRd9Gw01I="
    },
    "kareem": {
      "version": "2.3.2",
      "resolved": "https://npm.corp.ebay.com/kareem/-/kareem-2.3.2.tgz",
      "integrity": "sha1-eMRQiJSYW404oNwV4ajhEHjyypM="
    },
    "memory-pager": {
      "version": "1.5.0",
      "resolved": "https://npm.corp.ebay.com/memory-pager/-/memory-pager-1.5.0.tgz",
      "integrity": "sha1-2HUWVdItOEaCdByXLyw9bfo+ZrU=",
      "optional": true
    },
    "mongodb": {
      "version": "4.1.1",
      "resolved": "https://npm.corp.ebay.com/mongodb/-/mongodb-4.1.1.tgz",
      "integrity": "sha1-0yjoMmdec1H1i2QvgzEm3ImsLmY=",
      "requires": {
        "bson": "^4.5.1",
        "denque": "^1.5.0",
        "mongodb-connection-string-url": "^2.0.0",
        "saslprep": "^1.0.0"
      }
    },
    "mongodb-connection-string-url": {
      "version": "2.0.0",
      "resolved": "https://npm.corp.ebay.com/mongodb-connection-string-url/-/mongodb-connection-string-url-2.0.0.tgz",
      "integrity": "sha1-cs6mUIT/pFZVZwBw77V7sKXaRrw=",
      "requires": {
        "@types/whatwg-url": "^8.2.1",
        "whatwg-url": "^9.1.0"
      }
    },
    "mongoose": {
      "version": "6.0.4",
      "resolved": "https://npm.corp.ebay.com/mongoose/-/mongoose-6.0.4.tgz",
      "integrity": "sha1-5zXuzZZLcuDREsHi3yhEn7J0uV8=",
      "requires": {
        "bson": "^4.2.2",
        "kareem": "2.3.2",
        "mongodb": "4.1.1",
        "mpath": "0.8.4",
        "mquery": "4.0.0",
        "ms": "2.1.2",
        "regexp-clone": "1.0.0",
        "sift": "13.5.2",
        "sliced": "1.0.1"
      }
    },
    "mpath": {
      "version": "0.8.4",
      "resolved": "https://npm.corp.ebay.com/mpath/-/mpath-0.8.4.tgz",
      "integrity": "sha1-a1ZtlYFiHZ6THdOxQu02GOdZkxM="
    },
    "mquery": {
      "version": "4.0.0",
      "resolved": "https://npm.corp.ebay.com/mquery/-/mquery-4.0.0.tgz",
      "integrity": "sha1-bGIWCtJSiemeCECQd1fN/WK953U=",
      "requires": {
        "debug": "4.x",
        "regexp-clone": "^1.0.0",
        "sliced": "1.0.1"
      }
    },
    "ms": {
      "version": "2.1.2",
      "resolved": "https://npm.corp.ebay.com/ms/-/ms-2.1.2.tgz",
      "integrity": "sha1-0J0fNXtEP0kzgqjrPM0YOHKuYAk="
    },
    "punycode": {
      "version": "2.1.1",
      "resolved": "https://npm.corp.ebay.com/punycode/-/punycode-2.1.1.tgz",
      "integrity": "sha1-tYsBCsQMIsVldhbI0sLALHv0eew="
    },
    "regexp-clone": {
      "version": "1.0.0",
      "resolved": "https://npm.corp.ebay.com/regexp-clone/-/regexp-clone-1.0.0.tgz",
      "integrity": "sha1-Ii25Z2IydwViYLmSYmNUoEzpv2M="
    },
    "saslprep": {
      "version": "1.0.3",
      "resolved": "https://npm.corp.ebay.com/saslprep/-/saslprep-1.0.3.tgz",
      "integrity": "sha1-TAL5RrVs9UKX40e6EJPnrKxM8iY=",
      "optional": true,
      "requires": {
        "sparse-bitfield": "^3.0.3"
      }
    },
    "sift": {
      "version": "13.5.2",
      "resolved": "https://npm.corp.ebay.com/sift/-/sift-13.5.2.tgz",
      "integrity": "sha1-JKcV4TxhewhhZs0EkX0gSlkcnaY="
    },
    "sliced": {
      "version": "1.0.1",
      "resolved": "https://npm.corp.ebay.com/sliced/-/sliced-1.0.1.tgz",
      "integrity": "sha1-CzpmK10Ewxd7GSa+qCsD+Dei70E="
    },
    "sparse-bitfield": {
      "version": "3.0.3",
      "resolved": "https://npm.corp.ebay.com/sparse-bitfield/-/sparse-bitfield-3.0.3.tgz",
      "integrity": "sha1-/0rm5oZWBWuks+eSqzM004JzyhE=",
      "optional": true,
      "requires": {
        "memory-pager": "^1.0.2"
      }
    },
    "tr46": {
      "version": "2.1.0",
      "resolved": "https://npm.corp.ebay.com/tr46/-/tr46-2.1.0.tgz",
      "integrity": "sha1-+oeqgcpdWUHajL8fm3SdyWmk4kA=",
      "requires": {
        "punycode": "^2.1.1"
      }
    },
    "underscore": {
      "version": "1.11.0",
      "resolved": "https://npm.corp.ebay.com/underscore/-/underscore-1.11.0.tgz",
      "integrity": "sha1-3XwjoZXbNCZxhgRGSYcP8bq1kp4="
    },
    "webidl-conversions": {
      "version": "6.1.0",
      "resolved": "https://npm.corp.ebay.com/webidl-conversions/-/webidl-conversions-6.1.0.tgz",
      "integrity": "sha1-kRG01+qArNQPUnDWZmIa+ni2lRQ="
    },
    "whatwg-url": {
      "version": "9.1.0",
      "resolved": "https://npm.corp.ebay.com/whatwg-url/-/whatwg-url-9.1.0.tgz",
      "integrity": "sha1-GxEs8jfXLNZPp4grnD9iNKHDBQ0=",
      "requires": {
        "tr46": "^2.1.0",
        "webidl-conversions": "^6.1.0"
      }
    }
  }
}
